{
  "nodes": {
    "nixpkgs": {
      "locked": {
        "lastModified": 1706141464,
        "narHash": "sha256-nS1/rRpF69F0wFUjupgoKiESL7RTfzxtJSr0hL9plS8=",
        "owner": "NixOS",
        "repo": "nixpkgs",
        "rev": "559ddda570f61c4b66fb53162db7ce781c818f9f",
        "type": "github"
      },
      "original": {
        "owner": "NixOS",
        "ref": "master",
        "repo": "nixpkgs",
        "type": "github"
      }
    },
    "root": {
      "inputs": {
        "nixpkgs": "nixpkgs",
        "systems": "systems"
      }
    },
    "systems": {
      "locked": {
        "lastModified": 1681028828,
        "narHash": "sha256-Vy1rq5AaRuLzOxct8nz4T6wlgyUR7zLU309k9mBC768=",
        "owner": "nix-systems",
        "repo": "default",
        "rev": "da67096a3b9bf56a91d16901293e51ba5b49a27e",
        "type": "github"
      },
      "original": {
        "id": "systems",
        "type": "indirect"
      }
    }
  },
  "root": "root",
  "version": 7
}
